
Microsoft Visual Studio Solution File, Format Version 12.00
# Visual Studio Version 17
VisualStudioVersion = 17.9.34723.18
MinimumVisualStudioVersion = 10.0.40219.1
Project("{FAE04EC0-301F-11D3-BF4B-00C04F79EFBC}") = "ToDo.WebAPI", "ToDo.API\ToDo.WebAPI.csproj", "{60CB9319-92A9-44E3-BFC0-9BF8CDC36AEC}"
EndProject
Project("{FAE04EC0-301F-11D3-BF4B-00C04F79EFBC}") = "ToDo.Application", "ToDo.Application\ToDo.Application.csproj", "{B8798408-3AFC-4E5E-B7BA-2D00F66F0280}"
EndProject
Project("{FAE04EC0-301F-11D3-BF4B-00C04F79EFBC}") = "ToDo.Domain", "ToDo.Domain\ToDo.Domain.csproj", "{4196723E-7A4A-4CB9-9C5C-DE39E678E0DF}"
EndProject
Project("{FAE04EC0-301F-11D3-BF4B-00C04F79EFBC}") = "ToDo.Infraestructure", "ToDo.Infraestructure\ToDo.Infraestructure.csproj", "{2753F22D-259A-4F41-9D64-4F489F4D93DA}"
EndProject
Global
	GlobalSection(SolutionConfigurationPlatforms) = preSolution
		Debug|Any CPU = Debug|Any CPU
		Release|Any CPU = Release|Any CPU
	EndGlobalSection
	GlobalSection(ProjectConfigurationPlatforms) = postSolution
		{60CB9319-92A9-44E3-BFC0-9BF8CDC36AEC}.Debug|Any CPU.ActiveCfg = Debug|Any CPU
		{60CB9319-92A9-44E3-BFC0-9BF8CDC36AEC}.Debug|Any CPU.Build.0 = Debug|Any CPU
		{60CB9319-92A9-44E3-BFC0-9BF8CDC36AEC}.Release|Any CPU.ActiveCfg = Release|Any CPU
		{60CB9319-92A9-44E3-BFC0-9BF8CDC36AEC}.Release|Any CPU.Build.0 = Release|Any CPU
		{B8798408-3AFC-4E5E-B7BA-2D00F66F0280}.Debug|Any CPU.ActiveCfg = Debug|Any CPU
		{B8798408-3AFC-4E5E-B7BA-2D00F66F0280}.Debug|Any CPU.Build.0 = Debug|Any CPU
		{B8798408-3AFC-4E5E-B7BA-2D00F66F0280}.Release|Any CPU.ActiveCfg = Release|Any CPU
		{B8798408-3AFC-4E5E-B7BA-2D00F66F0280}.Release|Any CPU.Build.0 = Release|Any CPU
		{4196723E-7A4A-4CB9-9C5C-DE39E678E0DF}.Debug|Any CPU.ActiveCfg = Debug|Any CPU
		{4196723E-7A4A-4CB9-9C5C-DE39E678E0DF}.Debug|Any CPU.Build.0 = Debug|Any CPU
		{4196723E-7A4A-4CB9-9C5C-DE39E678E0DF}.Release|Any CPU.ActiveCfg = Release|Any CPU
		{4196723E-7A4A-4CB9-9C5C-DE39E678E0DF}.Release|Any CPU.Build.0 = Release|Any CPU
		{2753F22D-259A-4F41-9D64-4F489F4D93DA}.Debug|Any CPU.ActiveCfg = Debug|Any CPU
		{2753F22D-259A-4F41-9D64-4F489F4D93DA}.Debug|Any CPU.Build.0 = Debug|Any CPU
		{2753F22D-259A-4F41-9D64-4F489F4D93DA}.Release|Any CPU.ActiveCfg = Release|Any CPU
		{2753F22D-259A-4F41-9D64-4F489F4D93DA}.Release|Any CPU.Build.0 = Release|Any CPU
	EndGlobalSection
	GlobalSection(SolutionProperties) = preSolution
		HideSolutionNode = FALSE
	EndGlobalSection
	GlobalSection(ExtensibilityGlobals) = postSolution
		SolutionGuid = {C8ED4596-D2DA-4EFD-93F0-C94298980498}
	EndGlobalSection
EndGlobal
